
Microsoft Visual Studio Solution File, Format Version 12.00
# Visual Studio Version 17
VisualStudioVersion = 17.5.33530.505
MinimumVisualStudioVersion = 10.0.40219.1
Project("{9A19103F-16F7-4668-BE54-9A1E7A4F7556}") = "CloudComp2023-05", "CloudComp2023-05\CloudComp2023-05.csproj", "{E23E84EA-EC29-4A7D-BF20-94F909D1AC24}"
EndProject
Project("{9A19103F-16F7-4668-BE54-9A1E7A4F7556}") = "Repositories", "Repositories\Repositories.csproj", "{C119E917-1467-4244-B372-69AB40B2B3DB}"
EndProject
Project("{9A19103F-16F7-4668-BE54-9A1E7A4F7556}") = "Interfaces", "Interfaces\Interfaces.csproj", "{30F034B7-EFC7-4532-BD3B-BF04D139236C}"
EndProject
Project("{9A19103F-16F7-4668-BE54-9A1E7A4F7556}") = "DataModels", "DataModels\DataModels.csproj", "{6193D010-7140-4B62-95CB-68A58E30AAA0}"
EndProject
Project("{9A19103F-16F7-4668-BE54-9A1E7A4F7556}") = "OrderingQueues", "CustomerQueue\OrderingQueues.csproj", "{D14702DE-E68B-451F-851E-87A0267E78B8}"
EndProject
Project("{FAE04EC0-301F-11D3-BF4B-00C04F79EFBC}") = "RequestQueueServiceTests", "RequestQueueServiceTests\RequestQueueServiceTests.csproj", "{C35145F0-243F-413A-AF15-40C912460258}"
EndProject
Project("{FAE04EC0-301F-11D3-BF4B-00C04F79EFBC}") = "DataModelTests", "DataModelTests\DataModelTests.csproj", "{06287279-FCE5-4FD3-B771-CB358DEC1024}"
EndProject
Global
	GlobalSection(SolutionConfigurationPlatforms) = preSolution
		Debug|Any CPU = Debug|Any CPU
		Release|Any CPU = Release|Any CPU
	EndGlobalSection
	GlobalSection(ProjectConfigurationPlatforms) = postSolution
		{E23E84EA-EC29-4A7D-BF20-94F909D1AC24}.Debug|Any CPU.ActiveCfg = Debug|Any CPU
		{E23E84EA-EC29-4A7D-BF20-94F909D1AC24}.Debug|Any CPU.Build.0 = Debug|Any CPU
		{E23E84EA-EC29-4A7D-BF20-94F909D1AC24}.Release|Any CPU.ActiveCfg = Release|Any CPU
		{E23E84EA-EC29-4A7D-BF20-94F909D1AC24}.Release|Any CPU.Build.0 = Release|Any CPU
		{C119E917-1467-4244-B372-69AB40B2B3DB}.Debug|Any CPU.ActiveCfg = Debug|Any CPU
		{C119E917-1467-4244-B372-69AB40B2B3DB}.Debug|Any CPU.Build.0 = Debug|Any CPU
		{C119E917-1467-4244-B372-69AB40B2B3DB}.Release|Any CPU.ActiveCfg = Release|Any CPU
		{C119E917-1467-4244-B372-69AB40B2B3DB}.Release|Any CPU.Build.0 = Release|Any CPU
		{30F034B7-EFC7-4532-BD3B-BF04D139236C}.Debug|Any CPU.ActiveCfg = Debug|Any CPU
		{30F034B7-EFC7-4532-BD3B-BF04D139236C}.Debug|Any CPU.Build.0 = Debug|Any CPU
		{30F034B7-EFC7-4532-BD3B-BF04D139236C}.Release|Any CPU.ActiveCfg = Release|Any CPU
		{30F034B7-EFC7-4532-BD3B-BF04D139236C}.Release|Any CPU.Build.0 = Release|Any CPU
		{6193D010-7140-4B62-95CB-68A58E30AAA0}.Debug|Any CPU.ActiveCfg = Debug|Any CPU
		{6193D010-7140-4B62-95CB-68A58E30AAA0}.Debug|Any CPU.Build.0 = Debug|Any CPU
		{6193D010-7140-4B62-95CB-68A58E30AAA0}.Release|Any CPU.ActiveCfg = Release|Any CPU
		{6193D010-7140-4B62-95CB-68A58E30AAA0}.Release|Any CPU.Build.0 = Release|Any CPU
		{D14702DE-E68B-451F-851E-87A0267E78B8}.Debug|Any CPU.ActiveCfg = Debug|Any CPU
		{D14702DE-E68B-451F-851E-87A0267E78B8}.Debug|Any CPU.Build.0 = Debug|Any CPU
		{D14702DE-E68B-451F-851E-87A0267E78B8}.Release|Any CPU.ActiveCfg = Release|Any CPU
		{D14702DE-E68B-451F-851E-87A0267E78B8}.Release|Any CPU.Build.0 = Release|Any CPU
		{C35145F0-243F-413A-AF15-40C912460258}.Debug|Any CPU.ActiveCfg = Debug|Any CPU
		{C35145F0-243F-413A-AF15-40C912460258}.Debug|Any CPU.Build.0 = Debug|Any CPU
		{C35145F0-243F-413A-AF15-40C912460258}.Release|Any CPU.ActiveCfg = Release|Any CPU
		{C35145F0-243F-413A-AF15-40C912460258}.Release|Any CPU.Build.0 = Release|Any CPU
		{06287279-FCE5-4FD3-B771-CB358DEC1024}.Debug|Any CPU.ActiveCfg = Debug|Any CPU
		{06287279-FCE5-4FD3-B771-CB358DEC1024}.Debug|Any CPU.Build.0 = Debug|Any CPU
		{06287279-FCE5-4FD3-B771-CB358DEC1024}.Release|Any CPU.ActiveCfg = Release|Any CPU
		{06287279-FCE5-4FD3-B771-CB358DEC1024}.Release|Any CPU.Build.0 = Release|Any CPU
	EndGlobalSection
	GlobalSection(SolutionProperties) = preSolution
		HideSolutionNode = FALSE
	EndGlobalSection
	GlobalSection(ExtensibilityGlobals) = postSolution
		SolutionGuid = {E83D0288-D049-4401-B1E4-68BC6199E337}
	EndGlobalSection
EndGlobal
